{
  "name": "another",
  "version": "1.0.0",
  "lockfileVersion": 1,
  "requires": true,
  "dependencies": {
    "@_wjw_/test12345": {
      "version": "1.0.1",
      "resolved": "https://registry.npmjs.org/@_wjw_/test12345/-/test12345-1.0.1.tgz",
      "integrity": "sha512-8E71uo//j9RViPvSuSp68vDQWPc/hnYbmJon0rcudBSiBcA2MJ63d0N6LUs2IUFikmRJpp4IRkxjcIF6RnjxSA==",
      "requires": {
        "lodash": "^4.17.20"
      }
    },
    "lodash": {
      "version": "4.17.20",
      "resolved": "https://registry.npmjs.org/lodash/-/lodash-4.17.20.tgz",
      "integrity": "sha512-PlhdFcillOINfeV7Ni6oF1TAEayyZBoZ8bcshTHqOYJYlrqzRK5hagpagky5o4HfCzzd1TRkXPMFq6cKk9rGmA=="
    }
  }
}
