{
  "name": "1-2",
  "version": "1.0.0",
  "lockfileVersion": 1,
  "requires": true,
  "dependencies": {
    "@types/node": {
      "version": "14.11.8",
      "resolved": "https://registry.npm.taobao.org/@types/node/download/@types/node-14.11.8.tgz",
      "integrity": "sha1-/iAS8jVeTOCLykSus6u7Ic+I0z8=",
      "dev": true
    }
  }
}
