{
  "name": "chapter2",
  "version": "1.0.0",
  "lockfileVersion": 1,
  "requires": true,
  "dependencies": {
    "lodash": {
      "version": "2.4.2",
      "resolved": "https://registry.npm.taobao.org/lodash/download/lodash-2.4.2.tgz",
      "integrity": "sha1-+t2DS5aDBz2hebPq5tnA0VBT9z4="
    }
  }
}
